
Microsoft Visual Studio Solution File, Format Version 12.00
# Visual Studio Version 16
VisualStudioVersion = 16.0.29215.179
MinimumVisualStudioVersion = 10.0.40219.1
Project("{FAE04EC0-301F-11D3-BF4B-00C04F79EFBC}") = "RezideAPI", "RezideAPI\RezideAPI.csproj", "{557B16DB-2B82-4584-BF9F-6DC3934B64D3}"
EndProject
Global
	GlobalSection(SolutionConfigurationPlatforms) = preSolution
		Debug|Any CPU = Debug|Any CPU
		Release|Any CPU = Release|Any CPU
	EndGlobalSection
	GlobalSection(ProjectConfigurationPlatforms) = postSolution
		{557B16DB-2B82-4584-BF9F-6DC3934B64D3}.Debug|Any CPU.ActiveCfg = Debug|Any CPU
		{557B16DB-2B82-4584-BF9F-6DC3934B64D3}.Debug|Any CPU.Build.0 = Debug|Any CPU
		{557B16DB-2B82-4584-BF9F-6DC3934B64D3}.Release|Any CPU.ActiveCfg = Release|Any CPU
		{557B16DB-2B82-4584-BF9F-6DC3934B64D3}.Release|Any CPU.Build.0 = Release|Any CPU
	EndGlobalSection
	GlobalSection(SolutionProperties) = preSolution
		HideSolutionNode = FALSE
	EndGlobalSection
	GlobalSection(ExtensibilityGlobals) = postSolution
		SolutionGuid = {5E577CBB-B197-46AB-8E83-07F125A3C1D5}
	EndGlobalSection
EndGlobal
